
Microsoft Visual Studio Solution File, Format Version 12.00
# Visual Studio 2012
Project("{FAE04EC0-301F-11D3-BF4B-00C04F79EFBC}") = "VoipTranslator.Client.WinPhone", "VoipTranslator.Client.WinPhone\VoipTranslator.Client.WinPhone.csproj", "{055D4933-BC88-49D3-BFCE-3AFD19535D7A}"
EndProject
Project("{2150E333-8FDC-42A3-9474-1A3956D46DE8}") = "Clients", "Clients", "{AD083D94-97E1-4E80-8195-2D155E52ED55}"
EndProject
Project("{2150E333-8FDC-42A3-9474-1A3956D46DE8}") = "Server", "Server", "{565E6A65-0266-43AC-931C-BAD3B19BEEE2}"
EndProject
Project("{2150E333-8FDC-42A3-9474-1A3956D46DE8}") = "Shared", "Shared", "{667CE415-F847-4404-B138-EF7903D9F1CA}"
EndProject
Project("{2150E333-8FDC-42A3-9474-1A3956D46DE8}") = "WindowsPhone8", "WindowsPhone8", "{801B6A58-589D-4F90-A509-F58D76D4C9BC}"
EndProject
Project("{FAE04EC0-301F-11D3-BF4B-00C04F79EFBC}") = "VoipTranslator.Protocol", "VoipTranslator.Protocol\VoipTranslator.Protocol.csproj", "{0FD033D5-7BFA-42BC-A7B7-90D764EDDF1A}"
EndProject
Project("{FAE04EC0-301F-11D3-BF4B-00C04F79EFBC}") = "VoipTranslator.Client.WinPhone.Agents", "VoipTranslator.Client.WinPhone.Agents\VoipTranslator.Client.WinPhone.Agents.csproj", "{67D034AF-3707-4643-8C88-69CF7F57F99F}"
EndProject
Project("{FAE04EC0-301F-11D3-BF4B-00C04F79EFBC}") = "CyclopsToolkit.WinPhone", "CyclopsToolkit.WinPhone\CyclopsToolkit.WinPhone.csproj", "{D4FD5E6E-64F0-49B3-BE4E-7E89585EE197}"
EndProject
Project("{FAE04EC0-301F-11D3-BF4B-00C04F79EFBC}") = "VoipTranslator.Client.Core", "VoipTranslator.Client.Core\VoipTranslator.Client.Core.csproj", "{02C7302D-F256-4235-B945-19901BC88AFC}"
EndProject
Project("{2150E333-8FDC-42A3-9474-1A3956D46DE8}") = "Toolkit", "Toolkit", "{AF1D281E-D780-41C7-8733-3E405C9388F5}"
EndProject
Project("{FAE04EC0-301F-11D3-BF4B-00C04F79EFBC}") = "VoipTranslator.Server.ConsoleHost", "VoipTranslator.Server.ConsoleHost\VoipTranslator.Server.ConsoleHost.csproj", "{466C68C4-3126-46C0-AEFF-6A2110AF2CAA}"
EndProject
Project("{FAE04EC0-301F-11D3-BF4B-00C04F79EFBC}") = "VoipTranslator.Server", "VoipTranslator.Server\VoipTranslator.Server.csproj", "{5601FE56-6010-48D8-9185-A4A96021B5BB}"
EndProject
Project("{FAE04EC0-301F-11D3-BF4B-00C04F79EFBC}") = "VoipTranslator.Server.Infrastructure", "VoipTranslator.Server.Infrastructure\VoipTranslator.Server.Infrastructure.csproj", "{1FABF1E0-5D9F-42E1-BFF3-7B108FC5FE66}"
EndProject
Global
	GlobalSection(SolutionConfigurationPlatforms) = preSolution
		Debug|Any CPU = Debug|Any CPU
		Debug|ARM = Debug|ARM
		Debug|x86 = Debug|x86
		Release|Any CPU = Release|Any CPU
		Release|ARM = Release|ARM
		Release|x86 = Release|x86
	EndGlobalSection
	GlobalSection(ProjectConfigurationPlatforms) = postSolution
		{055D4933-BC88-49D3-BFCE-3AFD19535D7A}.Debug|Any CPU.ActiveCfg = Debug|Any CPU
		{055D4933-BC88-49D3-BFCE-3AFD19535D7A}.Debug|Any CPU.Build.0 = Debug|Any CPU
		{055D4933-BC88-49D3-BFCE-3AFD19535D7A}.Debug|Any CPU.Deploy.0 = Debug|Any CPU
		{055D4933-BC88-49D3-BFCE-3AFD19535D7A}.Debug|ARM.ActiveCfg = Debug|ARM
		{055D4933-BC88-49D3-BFCE-3AFD19535D7A}.Debug|ARM.Build.0 = Debug|ARM
		{055D4933-BC88-49D3-BFCE-3AFD19535D7A}.Debug|ARM.Deploy.0 = Debug|ARM
		{055D4933-BC88-49D3-BFCE-3AFD19535D7A}.Debug|x86.ActiveCfg = Debug|x86
		{055D4933-BC88-49D3-BFCE-3AFD19535D7A}.Debug|x86.Build.0 = Debug|x86
		{055D4933-BC88-49D3-BFCE-3AFD19535D7A}.Debug|x86.Deploy.0 = Debug|x86
		{055D4933-BC88-49D3-BFCE-3AFD19535D7A}.Release|Any CPU.ActiveCfg = Release|Any CPU
		{055D4933-BC88-49D3-BFCE-3AFD19535D7A}.Release|Any CPU.Build.0 = Release|Any CPU
		{055D4933-BC88-49D3-BFCE-3AFD19535D7A}.Release|Any CPU.Deploy.0 = Release|Any CPU
		{055D4933-BC88-49D3-BFCE-3AFD19535D7A}.Release|ARM.ActiveCfg = Release|ARM
		{055D4933-BC88-49D3-BFCE-3AFD19535D7A}.Release|ARM.Build.0 = Release|ARM
		{055D4933-BC88-49D3-BFCE-3AFD19535D7A}.Release|ARM.Deploy.0 = Release|ARM
		{055D4933-BC88-49D3-BFCE-3AFD19535D7A}.Release|x86.ActiveCfg = Release|x86
		{055D4933-BC88-49D3-BFCE-3AFD19535D7A}.Release|x86.Build.0 = Release|x86
		{055D4933-BC88-49D3-BFCE-3AFD19535D7A}.Release|x86.Deploy.0 = Release|x86
		{0FD033D5-7BFA-42BC-A7B7-90D764EDDF1A}.Debug|Any CPU.ActiveCfg = Debug|Any CPU
		{0FD033D5-7BFA-42BC-A7B7-90D764EDDF1A}.Debug|Any CPU.Build.0 = Debug|Any CPU
		{0FD033D5-7BFA-42BC-A7B7-90D764EDDF1A}.Debug|ARM.ActiveCfg = Debug|Any CPU
		{0FD033D5-7BFA-42BC-A7B7-90D764EDDF1A}.Debug|x86.ActiveCfg = Debug|Any CPU
		{0FD033D5-7BFA-42BC-A7B7-90D764EDDF1A}.Release|Any CPU.ActiveCfg = Release|Any CPU
		{0FD033D5-7BFA-42BC-A7B7-90D764EDDF1A}.Release|Any CPU.Build.0 = Release|Any CPU
		{0FD033D5-7BFA-42BC-A7B7-90D764EDDF1A}.Release|ARM.ActiveCfg = Release|Any CPU
		{0FD033D5-7BFA-42BC-A7B7-90D764EDDF1A}.Release|x86.ActiveCfg = Release|Any CPU
		{67D034AF-3707-4643-8C88-69CF7F57F99F}.Debug|Any CPU.ActiveCfg = Debug|Any CPU
		{67D034AF-3707-4643-8C88-69CF7F57F99F}.Debug|Any CPU.Build.0 = Debug|Any CPU
		{67D034AF-3707-4643-8C88-69CF7F57F99F}.Debug|ARM.ActiveCfg = Debug|ARM
		{67D034AF-3707-4643-8C88-69CF7F57F99F}.Debug|ARM.Build.0 = Debug|ARM
		{67D034AF-3707-4643-8C88-69CF7F57F99F}.Debug|x86.ActiveCfg = Debug|x86
		{67D034AF-3707-4643-8C88-69CF7F57F99F}.Debug|x86.Build.0 = Debug|x86
		{67D034AF-3707-4643-8C88-69CF7F57F99F}.Release|Any CPU.ActiveCfg = Release|Any CPU
		{67D034AF-3707-4643-8C88-69CF7F57F99F}.Release|Any CPU.Build.0 = Release|Any CPU
		{67D034AF-3707-4643-8C88-69CF7F57F99F}.Release|ARM.ActiveCfg = Release|ARM
		{67D034AF-3707-4643-8C88-69CF7F57F99F}.Release|ARM.Build.0 = Release|ARM
		{67D034AF-3707-4643-8C88-69CF7F57F99F}.Release|x86.ActiveCfg = Release|x86
		{67D034AF-3707-4643-8C88-69CF7F57F99F}.Release|x86.Build.0 = Release|x86
		{D4FD5E6E-64F0-49B3-BE4E-7E89585EE197}.Debug|Any CPU.ActiveCfg = Debug|Any CPU
		{D4FD5E6E-64F0-49B3-BE4E-7E89585EE197}.Debug|Any CPU.Build.0 = Debug|Any CPU
		{D4FD5E6E-64F0-49B3-BE4E-7E89585EE197}.Debug|ARM.ActiveCfg = Debug|ARM
		{D4FD5E6E-64F0-49B3-BE4E-7E89585EE197}.Debug|ARM.Build.0 = Debug|ARM
		{D4FD5E6E-64F0-49B3-BE4E-7E89585EE197}.Debug|x86.ActiveCfg = Debug|x86
		{D4FD5E6E-64F0-49B3-BE4E-7E89585EE197}.Debug|x86.Build.0 = Debug|x86
		{D4FD5E6E-64F0-49B3-BE4E-7E89585EE197}.Release|Any CPU.ActiveCfg = Release|Any CPU
		{D4FD5E6E-64F0-49B3-BE4E-7E89585EE197}.Release|Any CPU.Build.0 = Release|Any CPU
		{D4FD5E6E-64F0-49B3-BE4E-7E89585EE197}.Release|ARM.ActiveCfg = Release|ARM
		{D4FD5E6E-64F0-49B3-BE4E-7E89585EE197}.Release|ARM.Build.0 = Release|ARM
		{D4FD5E6E-64F0-49B3-BE4E-7E89585EE197}.Release|x86.ActiveCfg = Release|x86
		{D4FD5E6E-64F0-49B3-BE4E-7E89585EE197}.Release|x86.Build.0 = Release|x86
		{02C7302D-F256-4235-B945-19901BC88AFC}.Debug|Any CPU.ActiveCfg = Debug|Any CPU
		{02C7302D-F256-4235-B945-19901BC88AFC}.Debug|Any CPU.Build.0 = Debug|Any CPU
		{02C7302D-F256-4235-B945-19901BC88AFC}.Debug|ARM.ActiveCfg = Debug|Any CPU
		{02C7302D-F256-4235-B945-19901BC88AFC}.Debug|x86.ActiveCfg = Debug|Any CPU
		{02C7302D-F256-4235-B945-19901BC88AFC}.Release|Any CPU.ActiveCfg = Release|Any CPU
		{02C7302D-F256-4235-B945-19901BC88AFC}.Release|Any CPU.Build.0 = Release|Any CPU
		{02C7302D-F256-4235-B945-19901BC88AFC}.Release|ARM.ActiveCfg = Release|Any CPU
		{02C7302D-F256-4235-B945-19901BC88AFC}.Release|x86.ActiveCfg = Release|Any CPU
		{466C68C4-3126-46C0-AEFF-6A2110AF2CAA}.Debug|Any CPU.ActiveCfg = Debug|Any CPU
		{466C68C4-3126-46C0-AEFF-6A2110AF2CAA}.Debug|Any CPU.Build.0 = Debug|Any CPU
		{466C68C4-3126-46C0-AEFF-6A2110AF2CAA}.Debug|ARM.ActiveCfg = Debug|Any CPU
		{466C68C4-3126-46C0-AEFF-6A2110AF2CAA}.Debug|x86.ActiveCfg = Debug|Any CPU
		{466C68C4-3126-46C0-AEFF-6A2110AF2CAA}.Release|Any CPU.ActiveCfg = Release|Any CPU
		{466C68C4-3126-46C0-AEFF-6A2110AF2CAA}.Release|Any CPU.Build.0 = Release|Any CPU
		{466C68C4-3126-46C0-AEFF-6A2110AF2CAA}.Release|ARM.ActiveCfg = Release|Any CPU
		{466C68C4-3126-46C0-AEFF-6A2110AF2CAA}.Release|x86.ActiveCfg = Release|Any CPU
		{5601FE56-6010-48D8-9185-A4A96021B5BB}.Debug|Any CPU.ActiveCfg = Debug|Any CPU
		{5601FE56-6010-48D8-9185-A4A96021B5BB}.Debug|Any CPU.Build.0 = Debug|Any CPU
		{5601FE56-6010-48D8-9185-A4A96021B5BB}.Debug|ARM.ActiveCfg = Debug|Any CPU
		{5601FE56-6010-48D8-9185-A4A96021B5BB}.Debug|x86.ActiveCfg = Debug|Any CPU
		{5601FE56-6010-48D8-9185-A4A96021B5BB}.Release|Any CPU.ActiveCfg = Release|Any CPU
		{5601FE56-6010-48D8-9185-A4A96021B5BB}.Release|Any CPU.Build.0 = Release|Any CPU
		{5601FE56-6010-48D8-9185-A4A96021B5BB}.Release|ARM.ActiveCfg = Release|Any CPU
		{5601FE56-6010-48D8-9185-A4A96021B5BB}.Release|x86.ActiveCfg = Release|Any CPU
		{1FABF1E0-5D9F-42E1-BFF3-7B108FC5FE66}.Debug|Any CPU.ActiveCfg = Debug|Any CPU
		{1FABF1E0-5D9F-42E1-BFF3-7B108FC5FE66}.Debug|Any CPU.Build.0 = Debug|Any CPU
		{1FABF1E0-5D9F-42E1-BFF3-7B108FC5FE66}.Debug|ARM.ActiveCfg = Debug|Any CPU
		{1FABF1E0-5D9F-42E1-BFF3-7B108FC5FE66}.Debug|x86.ActiveCfg = Debug|Any CPU
		{1FABF1E0-5D9F-42E1-BFF3-7B108FC5FE66}.Release|Any CPU.ActiveCfg = Release|Any CPU
		{1FABF1E0-5D9F-42E1-BFF3-7B108FC5FE66}.Release|Any CPU.Build.0 = Release|Any CPU
		{1FABF1E0-5D9F-42E1-BFF3-7B108FC5FE66}.Release|ARM.ActiveCfg = Release|Any CPU
		{1FABF1E0-5D9F-42E1-BFF3-7B108FC5FE66}.Release|x86.ActiveCfg = Release|Any CPU
	EndGlobalSection
	GlobalSection(SolutionProperties) = preSolution
		HideSolutionNode = FALSE
	EndGlobalSection
	GlobalSection(NestedProjects) = preSolution
		{801B6A58-589D-4F90-A509-F58D76D4C9BC} = {AD083D94-97E1-4E80-8195-2D155E52ED55}
		{02C7302D-F256-4235-B945-19901BC88AFC} = {AD083D94-97E1-4E80-8195-2D155E52ED55}
		{055D4933-BC88-49D3-BFCE-3AFD19535D7A} = {801B6A58-589D-4F90-A509-F58D76D4C9BC}
		{67D034AF-3707-4643-8C88-69CF7F57F99F} = {801B6A58-589D-4F90-A509-F58D76D4C9BC}
		{AF1D281E-D780-41C7-8733-3E405C9388F5} = {801B6A58-589D-4F90-A509-F58D76D4C9BC}
		{466C68C4-3126-46C0-AEFF-6A2110AF2CAA} = {565E6A65-0266-43AC-931C-BAD3B19BEEE2}
		{5601FE56-6010-48D8-9185-A4A96021B5BB} = {565E6A65-0266-43AC-931C-BAD3B19BEEE2}
		{1FABF1E0-5D9F-42E1-BFF3-7B108FC5FE66} = {565E6A65-0266-43AC-931C-BAD3B19BEEE2}
		{0FD033D5-7BFA-42BC-A7B7-90D764EDDF1A} = {667CE415-F847-4404-B138-EF7903D9F1CA}
		{D4FD5E6E-64F0-49B3-BE4E-7E89585EE197} = {AF1D281E-D780-41C7-8733-3E405C9388F5}
	EndGlobalSection
EndGlobal
